
Microsoft Visual Studio Solution File, Format Version 12.00
# Visual Studio Version 16
VisualStudioVersion = 16.0.30011.22
MinimumVisualStudioVersion = 10.0.40219.1
Project("{FAE04EC0-301F-11D3-BF4B-00C04F79EFBC}") = "WebApiAgenda", "WebApiAgenda\WebApiAgenda.csproj", "{A12C19C8-9ED8-4E2E-BA25-60A9F668C4B7}"
EndProject
Project("{FAE04EC0-301F-11D3-BF4B-00C04F79EFBC}") = "AgendaData", "AgendaData\AgendaData.csproj", "{556A5842-CEFB-4569-AEB8-66176FA3E48A}"
EndProject
Project("{FAE04EC0-301F-11D3-BF4B-00C04F79EFBC}") = "AgendaBusisness", "AgendaBusisness\AgendaBusisness.csproj", "{0DF7FF5D-554E-4077-94A7-4B5583C8E2A7}"
EndProject
Project("{FAE04EC0-301F-11D3-BF4B-00C04F79EFBC}") = "AgendaEntities", "AgendaEntities\AgendaEntities.csproj", "{D8E8630C-B07F-4F0C-A66F-C53069A804B6}"
EndProject
Project("{FAE04EC0-301F-11D3-BF4B-00C04F79EFBC}") = "Agenda.Shared", "Agenda.Shared\Agenda.Shared.csproj", "{43CBF011-580D-4AD0-93CA-802FA8719A49}"
EndProject
Global
	GlobalSection(SolutionConfigurationPlatforms) = preSolution
		Debug|Any CPU = Debug|Any CPU
		Release|Any CPU = Release|Any CPU
	EndGlobalSection
	GlobalSection(ProjectConfigurationPlatforms) = postSolution
		{A12C19C8-9ED8-4E2E-BA25-60A9F668C4B7}.Debug|Any CPU.ActiveCfg = Debug|Any CPU
		{A12C19C8-9ED8-4E2E-BA25-60A9F668C4B7}.Debug|Any CPU.Build.0 = Debug|Any CPU
		{A12C19C8-9ED8-4E2E-BA25-60A9F668C4B7}.Release|Any CPU.ActiveCfg = Release|Any CPU
		{A12C19C8-9ED8-4E2E-BA25-60A9F668C4B7}.Release|Any CPU.Build.0 = Release|Any CPU
		{556A5842-CEFB-4569-AEB8-66176FA3E48A}.Debug|Any CPU.ActiveCfg = Debug|Any CPU
		{556A5842-CEFB-4569-AEB8-66176FA3E48A}.Debug|Any CPU.Build.0 = Debug|Any CPU
		{556A5842-CEFB-4569-AEB8-66176FA3E48A}.Release|Any CPU.ActiveCfg = Release|Any CPU
		{556A5842-CEFB-4569-AEB8-66176FA3E48A}.Release|Any CPU.Build.0 = Release|Any CPU
		{0DF7FF5D-554E-4077-94A7-4B5583C8E2A7}.Debug|Any CPU.ActiveCfg = Debug|Any CPU
		{0DF7FF5D-554E-4077-94A7-4B5583C8E2A7}.Debug|Any CPU.Build.0 = Debug|Any CPU
		{0DF7FF5D-554E-4077-94A7-4B5583C8E2A7}.Release|Any CPU.ActiveCfg = Release|Any CPU
		{0DF7FF5D-554E-4077-94A7-4B5583C8E2A7}.Release|Any CPU.Build.0 = Release|Any CPU
		{D8E8630C-B07F-4F0C-A66F-C53069A804B6}.Debug|Any CPU.ActiveCfg = Debug|Any CPU
		{D8E8630C-B07F-4F0C-A66F-C53069A804B6}.Debug|Any CPU.Build.0 = Debug|Any CPU
		{D8E8630C-B07F-4F0C-A66F-C53069A804B6}.Release|Any CPU.ActiveCfg = Release|Any CPU
		{D8E8630C-B07F-4F0C-A66F-C53069A804B6}.Release|Any CPU.Build.0 = Release|Any CPU
		{43CBF011-580D-4AD0-93CA-802FA8719A49}.Debug|Any CPU.ActiveCfg = Debug|Any CPU
		{43CBF011-580D-4AD0-93CA-802FA8719A49}.Debug|Any CPU.Build.0 = Debug|Any CPU
		{43CBF011-580D-4AD0-93CA-802FA8719A49}.Release|Any CPU.ActiveCfg = Release|Any CPU
		{43CBF011-580D-4AD0-93CA-802FA8719A49}.Release|Any CPU.Build.0 = Release|Any CPU
	EndGlobalSection
	GlobalSection(SolutionProperties) = preSolution
		HideSolutionNode = FALSE
	EndGlobalSection
	GlobalSection(ExtensibilityGlobals) = postSolution
		SolutionGuid = {5560F207-A068-4630-877C-D5C28900CDD4}
	EndGlobalSection
EndGlobal
